
Microsoft Visual Studio Solution File, Format Version 11.00
# Visual Studio 2010
Project("{FAE04EC0-301F-11D3-BF4B-00C04F79EFBC}") = "TestMiniGame2", "Assembly-CSharp.csproj", "{2F91B043-1DFB-7E5C-3C78-FB88AF95B584}"
EndProject
Project("{FAE04EC0-301F-11D3-BF4B-00C04F79EFBC}") = "TestMiniGame2", "Assembly-CSharp-Editor.csproj", "{EC8503A0-1D4C-EB85-3ACF-7D814AD5091E}"
EndProject
Global
	GlobalSection(SolutionConfigurationPlatforms) = preSolution
		Debug|Any CPU = Debug|Any CPU
		Release|Any CPU = Release|Any CPU
	EndGlobalSection
	GlobalSection(ProjectConfigurationPlatforms) = postSolution
		{2F91B043-1DFB-7E5C-3C78-FB88AF95B584}.Debug|Any CPU.ActiveCfg = Debug|Any CPU
		{2F91B043-1DFB-7E5C-3C78-FB88AF95B584}.Debug|Any CPU.Build.0 = Debug|Any CPU
		{2F91B043-1DFB-7E5C-3C78-FB88AF95B584}.Release|Any CPU.ActiveCfg = Release|Any CPU
		{2F91B043-1DFB-7E5C-3C78-FB88AF95B584}.Release|Any CPU.Build.0 = Release|Any CPU
		{EC8503A0-1D4C-EB85-3ACF-7D814AD5091E}.Debug|Any CPU.ActiveCfg = Debug|Any CPU
		{EC8503A0-1D4C-EB85-3ACF-7D814AD5091E}.Debug|Any CPU.Build.0 = Debug|Any CPU
		{EC8503A0-1D4C-EB85-3ACF-7D814AD5091E}.Release|Any CPU.ActiveCfg = Release|Any CPU
		{EC8503A0-1D4C-EB85-3ACF-7D814AD5091E}.Release|Any CPU.Build.0 = Release|Any CPU
	EndGlobalSection
	GlobalSection(SolutionProperties) = preSolution
		HideSolutionNode = FALSE
	EndGlobalSection
	GlobalSection(MonoDevelopProperties) = preSolution
		StartupItem = Assembly-CSharp.csproj
	EndGlobalSection
EndGlobal
