
Microsoft Visual Studio Solution File, Format Version 11.00
# Visual Studio 2010
Project("{FAE04EC0-301F-11D3-BF4B-00C04F79EFBC}") = "TestMiniGame8Map", "Assembly-CSharp.csproj", "{99C5CF21-AA90-6DD3-520B-AF7BBE004417}"
EndProject
Project("{FAE04EC0-301F-11D3-BF4B-00C04F79EFBC}") = "TestMiniGame8Map", "Assembly-CSharp-Editor.csproj", "{8DA20441-D8A9-391B-F41D-EF30577D02E3}"
EndProject
Project("{6641DF5E-EF63-3E13-0662-08B3E611D377}") = "TestMiniGame8Map", "Assembly-UnityScript.unityproj", "{108BB812-CF16-F07A-443C-45DD18386790}"
EndProject
Global
	GlobalSection(SolutionConfigurationPlatforms) = preSolution
		Debug|Any CPU = Debug|Any CPU
		Release|Any CPU = Release|Any CPU
	EndGlobalSection
	GlobalSection(ProjectConfigurationPlatforms) = postSolution
		{99C5CF21-AA90-6DD3-520B-AF7BBE004417}.Debug|Any CPU.ActiveCfg = Debug|Any CPU
		{99C5CF21-AA90-6DD3-520B-AF7BBE004417}.Debug|Any CPU.Build.0 = Debug|Any CPU
		{99C5CF21-AA90-6DD3-520B-AF7BBE004417}.Release|Any CPU.ActiveCfg = Release|Any CPU
		{99C5CF21-AA90-6DD3-520B-AF7BBE004417}.Release|Any CPU.Build.0 = Release|Any CPU
		{8DA20441-D8A9-391B-F41D-EF30577D02E3}.Debug|Any CPU.ActiveCfg = Debug|Any CPU
		{8DA20441-D8A9-391B-F41D-EF30577D02E3}.Debug|Any CPU.Build.0 = Debug|Any CPU
		{8DA20441-D8A9-391B-F41D-EF30577D02E3}.Release|Any CPU.ActiveCfg = Release|Any CPU
		{8DA20441-D8A9-391B-F41D-EF30577D02E3}.Release|Any CPU.Build.0 = Release|Any CPU
		{108BB812-CF16-F07A-443C-45DD18386790}.Debug|Any CPU.ActiveCfg = Debug|Any CPU
		{108BB812-CF16-F07A-443C-45DD18386790}.Debug|Any CPU.Build.0 = Debug|Any CPU
		{108BB812-CF16-F07A-443C-45DD18386790}.Release|Any CPU.ActiveCfg = Release|Any CPU
		{108BB812-CF16-F07A-443C-45DD18386790}.Release|Any CPU.Build.0 = Release|Any CPU
	EndGlobalSection
	GlobalSection(SolutionProperties) = preSolution
		HideSolutionNode = FALSE
	EndGlobalSection
	GlobalSection(MonoDevelopProperties) = preSolution
		StartupItem = Assembly-CSharp.csproj
	EndGlobalSection
EndGlobal
