
Microsoft Visual Studio Solution File, Format Version 11.00
# Visual Studio 2010
Project("{FAE04EC0-301F-11D3-BF4B-00C04F79EFBC}") = "TestMiniGame2Map", "Assembly-CSharp.csproj", "{1BE99BF3-0D40-83B8-DA1E-D76CD67B72B0}"
EndProject
Project("{FAE04EC0-301F-11D3-BF4B-00C04F79EFBC}") = "TestMiniGame2Map", "Assembly-CSharp-Editor.csproj", "{EB32C88C-CA89-9F6E-2248-5596FB817847}"
EndProject
Project("{AD7633FE-E167-ED62-5084-9268E8CF39DB}") = "TestMiniGame2Map", "Assembly-UnityScript.unityproj", "{1F5FBA37-861C-5C12-AB40-1B155C0E6BE7}"
EndProject
Global
	GlobalSection(SolutionConfigurationPlatforms) = preSolution
		Debug|Any CPU = Debug|Any CPU
		Release|Any CPU = Release|Any CPU
	EndGlobalSection
	GlobalSection(ProjectConfigurationPlatforms) = postSolution
		{1BE99BF3-0D40-83B8-DA1E-D76CD67B72B0}.Debug|Any CPU.ActiveCfg = Debug|Any CPU
		{1BE99BF3-0D40-83B8-DA1E-D76CD67B72B0}.Debug|Any CPU.Build.0 = Debug|Any CPU
		{1BE99BF3-0D40-83B8-DA1E-D76CD67B72B0}.Release|Any CPU.ActiveCfg = Release|Any CPU
		{1BE99BF3-0D40-83B8-DA1E-D76CD67B72B0}.Release|Any CPU.Build.0 = Release|Any CPU
		{EB32C88C-CA89-9F6E-2248-5596FB817847}.Debug|Any CPU.ActiveCfg = Debug|Any CPU
		{EB32C88C-CA89-9F6E-2248-5596FB817847}.Debug|Any CPU.Build.0 = Debug|Any CPU
		{EB32C88C-CA89-9F6E-2248-5596FB817847}.Release|Any CPU.ActiveCfg = Release|Any CPU
		{EB32C88C-CA89-9F6E-2248-5596FB817847}.Release|Any CPU.Build.0 = Release|Any CPU
		{1F5FBA37-861C-5C12-AB40-1B155C0E6BE7}.Debug|Any CPU.ActiveCfg = Debug|Any CPU
		{1F5FBA37-861C-5C12-AB40-1B155C0E6BE7}.Debug|Any CPU.Build.0 = Debug|Any CPU
		{1F5FBA37-861C-5C12-AB40-1B155C0E6BE7}.Release|Any CPU.ActiveCfg = Release|Any CPU
		{1F5FBA37-861C-5C12-AB40-1B155C0E6BE7}.Release|Any CPU.Build.0 = Release|Any CPU
	EndGlobalSection
	GlobalSection(SolutionProperties) = preSolution
		HideSolutionNode = FALSE
	EndGlobalSection
	GlobalSection(MonoDevelopProperties) = preSolution
		StartupItem = Assembly-CSharp.csproj
	EndGlobalSection
EndGlobal
